
Microsoft Visual Studio Solution File, Format Version 12.00
# Visual Studio 15
VisualStudioVersion = 15.0.26430.6
MinimumVisualStudioVersion = 10.0.40219.1
Project("{A07B5EB6-E848-4116-A8D0-A826331D98C6}") = "QueueLoadTest", "QueueLoadTest\QueueLoadTest.sfproj", "{21E15CEA-DCBA-42FD-9488-C498F5BB1343}"
EndProject
Project("{FAE04EC0-301F-11D3-BF4B-00C04F79EFBC}") = "QueueLoad", "QueueLoad\QueueLoad.csproj", "{59737B66-C879-40D2-AA44-2B0109DD8A02}"
EndProject
Project("{FAE04EC0-301F-11D3-BF4B-00C04F79EFBC}") = "QueueLoad.Interfaces", "QueueLoad.Interfaces\QueueLoad.Interfaces.csproj", "{AFDC0030-5DF9-4D7A-91F4-93E27487A21E}"
EndProject
Global
	GlobalSection(SolutionConfigurationPlatforms) = preSolution
		Debug|Any CPU = Debug|Any CPU
		Debug|x64 = Debug|x64
		Release|Any CPU = Release|Any CPU
		Release|x64 = Release|x64
	EndGlobalSection
	GlobalSection(ProjectConfigurationPlatforms) = postSolution
		{21E15CEA-DCBA-42FD-9488-C498F5BB1343}.Debug|Any CPU.ActiveCfg = Debug|x64
		{21E15CEA-DCBA-42FD-9488-C498F5BB1343}.Debug|x64.ActiveCfg = Debug|x64
		{21E15CEA-DCBA-42FD-9488-C498F5BB1343}.Debug|x64.Build.0 = Debug|x64
		{21E15CEA-DCBA-42FD-9488-C498F5BB1343}.Debug|x64.Deploy.0 = Debug|x64
		{21E15CEA-DCBA-42FD-9488-C498F5BB1343}.Release|Any CPU.ActiveCfg = Release|x64
		{21E15CEA-DCBA-42FD-9488-C498F5BB1343}.Release|x64.ActiveCfg = Release|x64
		{21E15CEA-DCBA-42FD-9488-C498F5BB1343}.Release|x64.Build.0 = Release|x64
		{21E15CEA-DCBA-42FD-9488-C498F5BB1343}.Release|x64.Deploy.0 = Release|x64
		{59737B66-C879-40D2-AA44-2B0109DD8A02}.Debug|Any CPU.ActiveCfg = Debug|x64
		{59737B66-C879-40D2-AA44-2B0109DD8A02}.Debug|x64.ActiveCfg = Debug|x64
		{59737B66-C879-40D2-AA44-2B0109DD8A02}.Debug|x64.Build.0 = Debug|x64
		{59737B66-C879-40D2-AA44-2B0109DD8A02}.Release|Any CPU.ActiveCfg = Release|x64
		{59737B66-C879-40D2-AA44-2B0109DD8A02}.Release|x64.ActiveCfg = Release|x64
		{59737B66-C879-40D2-AA44-2B0109DD8A02}.Release|x64.Build.0 = Release|x64
		{AFDC0030-5DF9-4D7A-91F4-93E27487A21E}.Debug|Any CPU.ActiveCfg = Debug|Any CPU
		{AFDC0030-5DF9-4D7A-91F4-93E27487A21E}.Debug|Any CPU.Build.0 = Debug|Any CPU
		{AFDC0030-5DF9-4D7A-91F4-93E27487A21E}.Debug|x64.ActiveCfg = Debug|Any CPU
		{AFDC0030-5DF9-4D7A-91F4-93E27487A21E}.Debug|x64.Build.0 = Debug|Any CPU
		{AFDC0030-5DF9-4D7A-91F4-93E27487A21E}.Release|Any CPU.ActiveCfg = Release|Any CPU
		{AFDC0030-5DF9-4D7A-91F4-93E27487A21E}.Release|Any CPU.Build.0 = Release|Any CPU
		{AFDC0030-5DF9-4D7A-91F4-93E27487A21E}.Release|x64.ActiveCfg = Release|Any CPU
		{AFDC0030-5DF9-4D7A-91F4-93E27487A21E}.Release|x64.Build.0 = Release|Any CPU
	EndGlobalSection
	GlobalSection(SolutionProperties) = preSolution
		HideSolutionNode = FALSE
	EndGlobalSection
EndGlobal
